<?xml version="1.0" encoding="utf-8"?>
<Project ToolsVersion="4.0" xmlns="http://schemas.microsoft.com/developer/msbuild/2003">
  <ItemGroup>
    <ClCompile Include="main.cpp" />
    <ClCompile Include="AssetManager.cpp" />
    <ClCompile Include="bmpTextEntity.cpp" />
    <ClCompile Include="BoxCollider.cpp" />
    <ClCompile Include="Collider.cpp" />
    <ClCompile Include="dfAnimator.cpp" />
    <ClCompile Include="dfBasic.cpp" />
    <ClCompile Include="DFCman.cpp" />
    <ClCompile Include="dfComponent.cpp" />
    <ClCompile Include="dfParticleSystem.cpp" />
    <ClCompile Include="dfScene.cpp" />
    <ClCompile Include="dfTile.cpp" />
    <ClCompile Include="Entity.cpp" />
    <ClCompile Include="GameSystem.cpp" />
    <ClCompile Include="glew.c" />
    <ClCompile Include="Input.cpp" />
    <ClCompile Include="MatMath.cpp" />
    <ClCompile Include="Mesh.cpp" />
    <ClCompile Include="Renderer.cpp" />
    <ClCompile Include="RenderSystem.cpp" />
    <ClCompile Include="SceneManager.cpp" />
    <ClCompile Include="STDUNC.cpp" />
    <ClCompile Include="TestGameSystem.cpp" />
    <ClCompile Include="TileMap.cpp" />
    <ClCompile Include="tinyjson.c" />
    <ClCompile Include="tinyjsonp.cpp" />
    <ClCompile Include="Transform.cpp" />
  </ItemGroup>
  <ItemGroup>
    <Filter Include="Components">
      <UniqueIdentifier>{115108f6-553e-4f6d-a225-531208215502}</UniqueIdentifier>
    </Filter>
    <Filter Include="GameSystems">
      <UniqueIdentifier>{b0ef9f7e-f3ca-4b01-b5ef-3143c9fcf051}</UniqueIdentifier>
    </Filter>
    <Filter Include="External">
      <UniqueIdentifier>{fa7c6f43-9e18-4309-a802-c27966902980}</UniqueIdentifier>
    </Filter>
  </ItemGroup>
  <ItemGroup>
    <ClInclude Include="AssetManager.h" />
    <ClInclude Include="bmpTextEntity.h" />
    <ClInclude Include="BoxCollider.h" />
    <ClInclude Include="Collider.h" />
    <ClInclude Include="dfAnimator.h" />
    <ClInclude Include="dfBasic.h" />
    <ClInclude Include="DFCman.h" />
    <ClInclude Include="dfComponent.h" />
    <ClInclude Include="dfParticleSystem.h" />
    <ClInclude Include="dfScene.h" />
    <ClInclude Include="dfTile.h" />
    <ClInclude Include="Entity.h" />
    <ClInclude Include="GameSystem.h" />
    <ClInclude Include="glew.h" />
    <ClInclude Include="Input.h" />
    <ClInclude Include="MatMath.h" />
    <ClInclude Include="Mesh.h" />
    <ClInclude Include="Renderer.h" />
    <ClInclude Include="RenderSystem.h" />
    <ClInclude Include="SceneManager.h" />
    <ClInclude Include="STDUNC.h" />
    <ClInclude Include="TestGameSystem.h" />
    <ClInclude Include="TileMap.h" />
    <ClInclude Include="tinyjson.h" />
    <ClInclude Include="tinyjsonp.h" />
    <ClInclude Include="Transform.h" />
    <ClInclude Include="wglew.h" />
  </ItemGroup>
  <ItemGroup>
    <None Include="RYAN_TODO.txt" />
  </ItemGroup>
</Project>